
Microsoft Visual Studio Solution File, Format Version 12.00
# Visual Studio Version 16
VisualStudioVersion = 16.0.30517.126
MinimumVisualStudioVersion = 10.0.40219.1
Project("{FAE04EC0-301F-11D3-BF4B-00C04F79EFBC}") = "HangfireDemo.Server", "HangfireDemo.Server\HangfireDemo.Server.csproj", "{3475964B-23CC-4825-B1F1-BBDEFCB4B7F7}"
EndProject
Global
	GlobalSection(SolutionConfigurationPlatforms) = preSolution
		Debug|Any CPU = Debug|Any CPU
		Release|Any CPU = Release|Any CPU
	EndGlobalSection
	GlobalSection(ProjectConfigurationPlatforms) = postSolution
		{3475964B-23CC-4825-B1F1-BBDEFCB4B7F7}.Debug|Any CPU.ActiveCfg = Debug|Any CPU
		{3475964B-23CC-4825-B1F1-BBDEFCB4B7F7}.Debug|Any CPU.Build.0 = Debug|Any CPU
		{3475964B-23CC-4825-B1F1-BBDEFCB4B7F7}.Release|Any CPU.ActiveCfg = Release|Any CPU
		{3475964B-23CC-4825-B1F1-BBDEFCB4B7F7}.Release|Any CPU.Build.0 = Release|Any CPU
	EndGlobalSection
	GlobalSection(SolutionProperties) = preSolution
		HideSolutionNode = FALSE
	EndGlobalSection
	GlobalSection(ExtensibilityGlobals) = postSolution
		SolutionGuid = {F2456465-2C51-472A-AAE5-5829BFC13C27}
	EndGlobalSection
EndGlobal
